// !$*UTF8*$!
{
	archiveVersion = 1;
	classes = {
	};
	objectVersion = 77;
	objects = {

/* Begin PBXBuildFile section */
		460E8EBC2E3FDBE300265BB2 /* ContentView.swift in Sources */ = {isa = PBXBuildFile; fileRef = 460E8EB62E3FDBE300265BB2 /* ContentView.swift */; };
		460E8EBD2E3FDBE300265BB2 /* NSImage+Resizing.swift in Sources */ = {isa = PBXBuildFile; fileRef = 460E8EA72E3FDBE300265BB2 /* NSImage+Resizing.swift */; };
		460E8EBE2E3FDBE300265BB2 /* AlbumEditorView.swift in Sources */ = {isa = PBXBuildFile; fileRef = 460E8EB52E3FDBE300265BB2 /* AlbumEditorView.swift */; };
		460E8EBF2E3FDBE300265BB2 /* Song.swift in Sources */ = {isa = PBXBuildFile; fileRef = 460E8EAF2E3FDBE300265BB2 /* Song.swift */; };
		460E8EC02E3FDBE300265BB2 /* AudioMetadataReader.swift in Sources */ = {isa = PBXBuildFile; fileRef = 460E8EAA2E3FDBE300265BB2 /* AudioMetadataReader.swift */; };
		460E8EC12E3FDBE300265BB2 /* UserMusicLibraryManagerApp.swift in Sources */ = {isa = PBXBuildFile; fileRef = 460E8EBA2E3FDBE300265BB2 /* UserMusicLibraryManagerApp.swift */; };
		460E8EC22E3FDBE300265BB2 /* UserMetadataStore.swift in Sources */ = {isa = PBXBuildFile; fileRef = 460E8EB32E3FDBE300265BB2 /* UserMetadataStore.swift */; };
		460E8EC32E3FDBE300265BB2 /* FolderAccessManager.swift in Sources */ = {isa = PBXBuildFile; fileRef = 460E8EB12E3FDBE300265BB2 /* FolderAccessManager.swift */; };
		460E8EC42E3FDBE300265BB2 /* ArtworkCacheManager.swift in Sources */ = {isa = PBXBuildFile; fileRef = 460E8EA12E3FDBE300265BB2 /* ArtworkCacheManager.swift */; };
		460E8EC52E3FDBE300265BB2 /* ArtworkValidator.swift in Sources */ = {isa = PBXBuildFile; fileRef = 460E8EA22E3FDBE300265BB2 /* ArtworkValidator.swift */; };
		460E8EC62E3FDBE300265BB2 /* AVMetadataItem+Helpers.swift in Sources */ = {isa = PBXBuildFile; fileRef = 460E8EA42E3FDBE300265BB2 /* AVMetadataItem+Helpers.swift */; };
		460E8EC72E3FDBE300265BB2 /* SongDetailView.swift in Sources */ = {isa = PBXBuildFile; fileRef = 460E8EB82E3FDBE300265BB2 /* SongDetailView.swift */; };
		460E8EC82E3FDBE300265BB2 /* MusicLibraryScanner.swift in Sources */ = {isa = PBXBuildFile; fileRef = 460E8EB22E3FDBE300265BB2 /* MusicLibraryScanner.swift */; };
		460E8EC92E3FDBE300265BB2 /* FlacMetadataReader.swift in Sources */ = {isa = PBXBuildFile; fileRef = 460E8EAB2E3FDBE300265BB2 /* FlacMetadataReader.swift */; };
		460E8ECA2E3FDBE300265BB2 /* UserMetadataOverride.swift in Sources */ = {isa = PBXBuildFile; fileRef = 460E8EAD2E3FDBE300265BB2 /* UserMetadataOverride.swift */; };
		460E8ECB2E3FDBE300265BB2 /* FolderPickerView.swift in Sources */ = {isa = PBXBuildFile; fileRef = 460E8EB72E3FDBE300265BB2 /* FolderPickerView.swift */; };
		46546C9E2E3FF8640084C2DC /* libz.tbd in Frameworks */ = {isa = PBXBuildFile; fileRef = 467231F72E3DEAE700767EB0 /* libz.tbd */; };
		46546CA32E3FFA990084C2DC /* FlacTagsWrapper.mm in Sources */ = {isa = PBXBuildFile; fileRef = 46546CA22E3FFA990084C2DC /* FlacTagsWrapper.mm */; };
/* End PBXBuildFile section */

/* Begin PBXContainerItemProxy section */
		4611D3F12E3C79CE00E731EB /* PBXContainerItemProxy */ = {
			isa = PBXContainerItemProxy;
			containerPortal = 4611D3DA2E3C79CC00E731EB /* Project object */;
			proxyType = 1;
			remoteGlobalIDString = 4611D3E12E3C79CC00E731EB;
			remoteInfo = UserMusicLibraryManager;
		};
		4611D3FB2E3C79CE00E731EB /* PBXContainerItemProxy */ = {
			isa = PBXContainerItemProxy;
			containerPortal = 4611D3DA2E3C79CC00E731EB /* Project object */;
			proxyType = 1;
			remoteGlobalIDString = 4611D3E12E3C79CC00E731EB;
			remoteInfo = UserMusicLibraryManager;
		};
/* End PBXContainerItemProxy section */

/* Begin PBXFileReference section */
		460E8EA12E3FDBE300265BB2 /* ArtworkCacheManager.swift */ = {isa = PBXFileReference; lastKnownFileType = sourcecode.swift; path = ArtworkCacheManager.swift; sourceTree = "<group>"; };
		460E8EA22E3FDBE300265BB2 /* ArtworkValidator.swift */ = {isa = PBXFileReference; lastKnownFileType = sourcecode.swift; path = ArtworkValidator.swift; sourceTree = "<group>"; };
		460E8EA42E3FDBE300265BB2 /* AVMetadataItem+Helpers.swift */ = {isa = PBXFileReference; lastKnownFileType = sourcecode.swift; path = "AVMetadataItem+Helpers.swift"; sourceTree = "<group>"; };
		460E8EA72E3FDBE300265BB2 /* NSImage+Resizing.swift */ = {isa = PBXFileReference; lastKnownFileType = sourcecode.swift; path = "NSImage+Resizing.swift"; sourceTree = "<group>"; };
		460E8EAA2E3FDBE300265BB2 /* AudioMetadataReader.swift */ = {isa = PBXFileReference; lastKnownFileType = sourcecode.swift; path = AudioMetadataReader.swift; sourceTree = "<group>"; };
		460E8EAB2E3FDBE300265BB2 /* FlacMetadataReader.swift */ = {isa = PBXFileReference; lastKnownFileType = sourcecode.swift; path = FlacMetadataReader.swift; sourceTree = "<group>"; };
		460E8EAD2E3FDBE300265BB2 /* UserMetadataOverride.swift */ = {isa = PBXFileReference; lastKnownFileType = sourcecode.swift; path = UserMetadataOverride.swift; sourceTree = "<group>"; };
		460E8EAF2E3FDBE300265BB2 /* Song.swift */ = {isa = PBXFileReference; lastKnownFileType = sourcecode.swift; path = Song.swift; sourceTree = "<group>"; };
		460E8EB12E3FDBE300265BB2 /* FolderAccessManager.swift */ = {isa = PBXFileReference; lastKnownFileType = sourcecode.swift; path = FolderAccessManager.swift; sourceTree = "<group>"; };
		460E8EB22E3FDBE300265BB2 /* MusicLibraryScanner.swift */ = {isa = PBXFileReference; lastKnownFileType = sourcecode.swift; path = MusicLibraryScanner.swift; sourceTree = "<group>"; };
		460E8EB32E3FDBE300265BB2 /* UserMetadataStore.swift */ = {isa = PBXFileReference; lastKnownFileType = sourcecode.swift; path = UserMetadataStore.swift; sourceTree = "<group>"; };
		460E8EB52E3FDBE300265BB2 /* AlbumEditorView.swift */ = {isa = PBXFileReference; lastKnownFileType = sourcecode.swift; path = AlbumEditorView.swift; sourceTree = "<group>"; };
		460E8EB62E3FDBE300265BB2 /* ContentView.swift */ = {isa = PBXFileReference; lastKnownFileType = sourcecode.swift; path = ContentView.swift; sourceTree = "<group>"; };
		460E8EB72E3FDBE300265BB2 /* FolderPickerView.swift */ = {isa = PBXFileReference; lastKnownFileType = sourcecode.swift; path = FolderPickerView.swift; sourceTree = "<group>"; };
		460E8EB82E3FDBE300265BB2 /* SongDetailView.swift */ = {isa = PBXFileReference; lastKnownFileType = sourcecode.swift; path = SongDetailView.swift; sourceTree = "<group>"; };
		460E8EBA2E3FDBE300265BB2 /* UserMusicLibraryManagerApp.swift */ = {isa = PBXFileReference; lastKnownFileType = sourcecode.swift; path = UserMusicLibraryManagerApp.swift; sourceTree = "<group>"; };
		4611D3E22E3C79CC00E731EB /* UserMusicLibraryManager.app */ = {isa = PBXFileReference; explicitFileType = wrapper.application; includeInIndex = 0; path = UserMusicLibraryManager.app; sourceTree = BUILT_PRODUCTS_DIR; };
		4611D3F02E3C79CE00E731EB /* UserMusicLibraryManagerTests.xctest */ = {isa = PBXFileReference; explicitFileType = wrapper.cfbundle; includeInIndex = 0; path = UserMusicLibraryManagerTests.xctest; sourceTree = BUILT_PRODUCTS_DIR; };
		4611D3FA2E3C79CE00E731EB /* UserMusicLibraryManagerUITests.xctest */ = {isa = PBXFileReference; explicitFileType = wrapper.cfbundle; includeInIndex = 0; path = UserMusicLibraryManagerUITests.xctest; sourceTree = BUILT_PRODUCTS_DIR; };
		4611D4482E3D6C6A00E731EB /* UserMusicLibrary-Bridging-Header.h */ = {isa = PBXFileReference; lastKnownFileType = sourcecode.c.h; path = "UserMusicLibrary-Bridging-Header.h"; sourceTree = "<group>"; };
		46310E132E3DBAFF00EAC950 /* libtag_c.a */ = {isa = PBXFileReference; lastKnownFileType = archive.ar; name = libtag_c.a; path = TagLib/lib/libtag_c.a; sourceTree = "<group>"; };
		46546C9F2E3FF93E0084C2DC /* FlacTagsWrapper.h */ = {isa = PBXFileReference; lastKnownFileType = sourcecode.c.h; path = FlacTagsWrapper.h; sourceTree = "<group>"; };
		46546CA22E3FFA990084C2DC /* FlacTagsWrapper.mm */ = {isa = PBXFileReference; lastKnownFileType = sourcecode.cpp.objcpp; path = FlacTagsWrapper.mm; sourceTree = "<group>"; };
		467231F52E3DEAAA00767EB0 /* libtag.a */ = {isa = PBXFileReference; lastKnownFileType = archive.ar; name = libtag.a; path = TagLib/lib/libtag.a; sourceTree = "<group>"; };
		467231F72E3DEAE700767EB0 /* libz.tbd */ = {isa = PBXFileReference; lastKnownFileType = "sourcecode.text-based-dylib-definition"; name = libz.tbd; path = usr/lib/libz.tbd; sourceTree = SDKROOT; };
/* End PBXFileReference section */

/* Begin PBXFileSystemSynchronizedBuildFileExceptionSet section */
		465471692E4001540084C2DC /* Exceptions for "TagLib" folder in "UserMusicLibraryManager" target */ = {
			isa = PBXFileSystemSynchronizedBuildFileExceptionSet;
			membershipExceptions = (
				include/taglib/ape/apefile.cpp,
				include/taglib/ape/apefooter.cpp,
				include/taglib/ape/apeitem.cpp,
				include/taglib/ape/apeproperties.cpp,
				include/taglib/ape/apetag.cpp,
				include/taglib/asf/asfattribute.cpp,
				include/taglib/asf/asffile.cpp,
				include/taglib/asf/asfpicture.cpp,
				include/taglib/asf/asfproperties.cpp,
				include/taglib/asf/asftag.cpp,
				include/taglib/audioproperties.cpp,
				include/taglib/dsdiff/dsdiffdiintag.cpp,
				include/taglib/dsdiff/dsdifffile.cpp,
				include/taglib/dsdiff/dsdiffproperties.cpp,
				include/taglib/dsf/dsffile.cpp,
				include/taglib/dsf/dsfproperties.cpp,
				include/taglib/fileref.cpp,
				include/taglib/flac/flacfile.cpp,
				include/taglib/flac/flacmetadatablock.cpp,
				include/taglib/flac/flacpicture.cpp,
				include/taglib/flac/flacproperties.cpp,
				include/taglib/flac/flacunknownmetadatablock.cpp,
				include/taglib/it/itfile.cpp,
				include/taglib/it/itproperties.cpp,
				include/taglib/mod/modfile.cpp,
				include/taglib/mod/modfilebase.cpp,
				include/taglib/mod/modproperties.cpp,
				include/taglib/mod/modtag.cpp,
				include/taglib/mp4/mp4atom.cpp,
				include/taglib/mp4/mp4coverart.cpp,
				include/taglib/mp4/mp4file.cpp,
				include/taglib/mp4/mp4item.cpp,
				include/taglib/mp4/mp4itemfactory.cpp,
				include/taglib/mp4/mp4properties.cpp,
				include/taglib/mp4/mp4tag.cpp,
				include/taglib/mpc/mpcfile.cpp,
				include/taglib/mpc/mpcproperties.cpp,
				include/taglib/mpeg/id3v1/id3v1genres.cpp,
				include/taglib/mpeg/id3v1/id3v1tag.cpp,
				include/taglib/mpeg/id3v2/frames/attachedpictureframe.cpp,
				include/taglib/mpeg/id3v2/frames/chapterframe.cpp,
				include/taglib/mpeg/id3v2/frames/commentsframe.cpp,
				include/taglib/mpeg/id3v2/frames/eventtimingcodesframe.cpp,
				include/taglib/mpeg/id3v2/frames/generalencapsulatedobjectframe.cpp,
				include/taglib/mpeg/id3v2/frames/ownershipframe.cpp,
				include/taglib/mpeg/id3v2/frames/podcastframe.cpp,
				include/taglib/mpeg/id3v2/frames/popularimeterframe.cpp,
				include/taglib/mpeg/id3v2/frames/privateframe.cpp,
				include/taglib/mpeg/id3v2/frames/relativevolumeframe.cpp,
				include/taglib/mpeg/id3v2/frames/synchronizedlyricsframe.cpp,
				include/taglib/mpeg/id3v2/frames/tableofcontentsframe.cpp,
				include/taglib/mpeg/id3v2/frames/textidentificationframe.cpp,
				include/taglib/mpeg/id3v2/frames/uniquefileidentifierframe.cpp,
				include/taglib/mpeg/id3v2/frames/unknownframe.cpp,
				include/taglib/mpeg/id3v2/frames/unsynchronizedlyricsframe.cpp,
				include/taglib/mpeg/id3v2/frames/urllinkframe.cpp,
				include/taglib/mpeg/id3v2/id3v2extendedheader.cpp,
				include/taglib/mpeg/id3v2/id3v2footer.cpp,
				include/taglib/mpeg/id3v2/id3v2frame.cpp,
				include/taglib/mpeg/id3v2/id3v2framefactory.cpp,
				include/taglib/mpeg/id3v2/id3v2header.cpp,
				include/taglib/mpeg/id3v2/id3v2synchdata.cpp,
				include/taglib/mpeg/id3v2/id3v2tag.cpp,
				include/taglib/mpeg/mpegfile.cpp,
				include/taglib/mpeg/mpegheader.cpp,
				include/taglib/mpeg/mpegproperties.cpp,
				include/taglib/mpeg/xingheader.cpp,
				include/taglib/ogg/flac/oggflacfile.cpp,
				include/taglib/ogg/oggfile.cpp,
				include/taglib/ogg/oggpage.cpp,
				include/taglib/ogg/oggpageheader.cpp,
				include/taglib/ogg/opus/opusfile.cpp,
				include/taglib/ogg/opus/opusproperties.cpp,
				include/taglib/ogg/speex/speexfile.cpp,
				include/taglib/ogg/speex/speexproperties.cpp,
				include/taglib/ogg/vorbis/vorbisfile.cpp,
				include/taglib/ogg/vorbis/vorbisproperties.cpp,
				include/taglib/ogg/xiphcomment.cpp,
				include/taglib/riff/aiff/aifffile.cpp,
				include/taglib/riff/aiff/aiffproperties.cpp,
				include/taglib/riff/rifffile.cpp,
				include/taglib/riff/wav/infotag.cpp,
				include/taglib/riff/wav/wavfile.cpp,
				include/taglib/riff/wav/wavproperties.cpp,
				include/taglib/s3m/s3mfile.cpp,
				include/taglib/s3m/s3mproperties.cpp,
				include/taglib/shorten/shortenfile.cpp,
				include/taglib/shorten/shortenproperties.cpp,
				include/taglib/shorten/shortentag.cpp,
				include/taglib/tag.cpp,
				include/taglib/tagunion.cpp,
				include/taglib/tagutils.cpp,
				include/taglib/toolkit/tbytevector.cpp,
				include/taglib/toolkit/tbytevectorlist.cpp,
				include/taglib/toolkit/tbytevectorstream.cpp,
				include/taglib/toolkit/tdebug.cpp,
				include/taglib/toolkit/tdebuglistener.cpp,
				include/taglib/toolkit/tfile.cpp,
				include/taglib/toolkit/tfilestream.cpp,
				include/taglib/toolkit/tiostream.cpp,
				include/taglib/toolkit/tlist.tcc,
				include/taglib/toolkit/tmap.tcc,
				include/taglib/toolkit/tpicturetype.cpp,
				include/taglib/toolkit/tpropertymap.cpp,
				include/taglib/toolkit/tstring.cpp,
				include/taglib/toolkit/tstringlist.cpp,
				include/taglib/toolkit/tvariant.cpp,
				include/taglib/toolkit/tversionnumber.cpp,
				include/taglib/toolkit/tzlib.cpp,
				include/taglib/trueaudio/trueaudiofile.cpp,
				include/taglib/trueaudio/trueaudioproperties.cpp,
				include/taglib/wavpack/wavpackfile.cpp,
				include/taglib/wavpack/wavpackproperties.cpp,
				include/taglib/xm/xmfile.cpp,
				include/taglib/xm/xmproperties.cpp,
			);
			target = 4611D3E12E3C79CC00E731EB /* UserMusicLibraryManager */;
		};
/* End PBXFileSystemSynchronizedBuildFileExceptionSet section */

/* Begin PBXFileSystemSynchronizedRootGroup section */
		4611D3E42E3C79CC00E731EB /* UserMusicLibraryManager */ = {
			isa = PBXFileSystemSynchronizedRootGroup;
			path = UserMusicLibraryManager;
			sourceTree = "<group>";
		};
		4611D3F32E3C79CE00E731EB /* UserMusicLibraryManagerTests */ = {
			isa = PBXFileSystemSynchronizedRootGroup;
			path = UserMusicLibraryManagerTests;
			sourceTree = "<group>";
		};
		4611D3FD2E3C79CE00E731EB /* UserMusicLibraryManagerUITests */ = {
			isa = PBXFileSystemSynchronizedRootGroup;
			path = UserMusicLibraryManagerUITests;
			sourceTree = "<group>";
		};
		465470EB2E4000D60084C2DC /* TagLib */ = {
			isa = PBXFileSystemSynchronizedRootGroup;
			exceptions = (
				465471692E4001540084C2DC /* Exceptions for "TagLib" folder in "UserMusicLibraryManager" target */,
			);
			path = TagLib;
			sourceTree = "<group>";
		};
/* End PBXFileSystemSynchronizedRootGroup section */

/* Begin PBXFrameworksBuildPhase section */
		4611D3DF2E3C79CC00E731EB /* Frameworks */ = {
			isa = PBXFrameworksBuildPhase;
			buildActionMask = 2147483647;
			files = (
				46546C9E2E3FF8640084C2DC /* libz.tbd in Frameworks */,
			);
			runOnlyForDeploymentPostprocessing = 0;
		};
		4611D3ED2E3C79CE00E731EB /* Frameworks */ = {
			isa = PBXFrameworksBuildPhase;
			buildActionMask = 2147483647;
			files = (
			);
			runOnlyForDeploymentPostprocessing = 0;
		};
		4611D3F72E3C79CE00E731EB /* Frameworks */ = {
			isa = PBXFrameworksBuildPhase;
			buildActionMask = 2147483647;
			files = (
			);
			runOnlyForDeploymentPostprocessing = 0;
		};
/* End PBXFrameworksBuildPhase section */

/* Begin PBXGroup section */
		460E8EA32E3FDBE300265BB2 /* Cache */ = {
			isa = PBXGroup;
			children = (
				460E8EA12E3FDBE300265BB2 /* ArtworkCacheManager.swift */,
				460E8EA22E3FDBE300265BB2 /* ArtworkValidator.swift */,
			);
			path = Cache;
			sourceTree = "<group>";
		};
		460E8EA52E3FDBE300265BB2 /* AVFoundation */ = {
			isa = PBXGroup;
			children = (
				460E8EA42E3FDBE300265BB2 /* AVMetadataItem+Helpers.swift */,
			);
			path = AVFoundation;
			sourceTree = "<group>";
		};
		460E8EA62E3FDBE300265BB2 /* FileManager */ = {
			isa = PBXGroup;
			children = (
			);
			path = FileManager;
			sourceTree = "<group>";
		};
		460E8EA82E3FDBE300265BB2 /* Images */ = {
			isa = PBXGroup;
			children = (
				460E8EA72E3FDBE300265BB2 /* NSImage+Resizing.swift */,
			);
			path = Images;
			sourceTree = "<group>";
		};
		460E8EA92E3FDBE300265BB2 /* Extensions */ = {
			isa = PBXGroup;
			children = (
				460E8EA52E3FDBE300265BB2 /* AVFoundation */,
				460E8EA62E3FDBE300265BB2 /* FileManager */,
				460E8EA82E3FDBE300265BB2 /* Images */,
			);
			path = Extensions;
			sourceTree = "<group>";
		};
		460E8EAC2E3FDBE300265BB2 /* Metadata */ = {
			isa = PBXGroup;
			children = (
				460E8EAA2E3FDBE300265BB2 /* AudioMetadataReader.swift */,
				460E8EAB2E3FDBE300265BB2 /* FlacMetadataReader.swift */,
			);
			path = Metadata;
			sourceTree = "<group>";
		};
		460E8EAE2E3FDBE300265BB2 /* User */ = {
			isa = PBXGroup;
			children = (
				460E8EAD2E3FDBE300265BB2 /* UserMetadataOverride.swift */,
			);
			path = User;
			sourceTree = "<group>";
		};
		460E8EB02E3FDBE300265BB2 /* Models */ = {
			isa = PBXGroup;
			children = (
				460E8EAE2E3FDBE300265BB2 /* User */,
				460E8EAF2E3FDBE300265BB2 /* Song.swift */,
			);
			path = Models;
			sourceTree = "<group>";
		};
		460E8EB42E3FDBE300265BB2 /* Utilities */ = {
			isa = PBXGroup;
			children = (
				460E8EB12E3FDBE300265BB2 /* FolderAccessManager.swift */,
				460E8EB22E3FDBE300265BB2 /* MusicLibraryScanner.swift */,
				460E8EB32E3FDBE300265BB2 /* UserMetadataStore.swift */,
			);
			path = Utilities;
			sourceTree = "<group>";
		};
		460E8EB92E3FDBE300265BB2 /* Views */ = {
			isa = PBXGroup;
			children = (
				460E8EB52E3FDBE300265BB2 /* AlbumEditorView.swift */,
				460E8EB62E3FDBE300265BB2 /* ContentView.swift */,
				460E8EB72E3FDBE300265BB2 /* FolderPickerView.swift */,
				460E8EB82E3FDBE300265BB2 /* SongDetailView.swift */,
			);
			path = Views;
			sourceTree = "<group>";
		};
		460E8EBB2E3FDBE300265BB2 /* Sources */ = {
			isa = PBXGroup;
			children = (
				460E8EA32E3FDBE300265BB2 /* Cache */,
				460E8EA92E3FDBE300265BB2 /* Extensions */,
				460E8EAC2E3FDBE300265BB2 /* Metadata */,
				460E8EB02E3FDBE300265BB2 /* Models */,
				460E8EB42E3FDBE300265BB2 /* Utilities */,
				460E8EB92E3FDBE300265BB2 /* Views */,
				460E8EBA2E3FDBE300265BB2 /* UserMusicLibraryManagerApp.swift */,
			);
			path = Sources;
			sourceTree = "<group>";
		};
		4611D3D92E3C79CC00E731EB = {
			isa = PBXGroup;
			children = (
				46546CA22E3FFA990084C2DC /* FlacTagsWrapper.mm */,
				46546C9F2E3FF93E0084C2DC /* FlacTagsWrapper.h */,
				460E8EBB2E3FDBE300265BB2 /* Sources */,
				4611D4482E3D6C6A00E731EB /* UserMusicLibrary-Bridging-Header.h */,
				4611D3F32E3C79CE00E731EB /* UserMusicLibraryManagerTests */,
				4611D3FD2E3C79CE00E731EB /* UserMusicLibraryManagerUITests */,
				4611D3E32E3C79CC00E731EB /* Products */,
				4611D3E42E3C79CC00E731EB /* UserMusicLibraryManager */,
				46310E122E3DBAFF00EAC950 /* Frameworks */,
				465470EB2E4000D60084C2DC /* TagLib */,
			);
			sourceTree = "<group>";
		};
		4611D3E32E3C79CC00E731EB /* Products */ = {
			isa = PBXGroup;
			children = (
				4611D3E22E3C79CC00E731EB /* UserMusicLibraryManager.app */,
				4611D3F02E3C79CE00E731EB /* UserMusicLibraryManagerTests.xctest */,
				4611D3FA2E3C79CE00E731EB /* UserMusicLibraryManagerUITests.xctest */,
			);
			name = Products;
			sourceTree = "<group>";
		};
		46310E122E3DBAFF00EAC950 /* Frameworks */ = {
			isa = PBXGroup;
			children = (
				467231F72E3DEAE700767EB0 /* libz.tbd */,
				467231F52E3DEAAA00767EB0 /* libtag.a */,
				46310E132E3DBAFF00EAC950 /* libtag_c.a */,
			);
			name = Frameworks;
			sourceTree = "<group>";
		};
/* End PBXGroup section */

/* Begin PBXNativeTarget section */
		4611D3E12E3C79CC00E731EB /* UserMusicLibraryManager */ = {
			isa = PBXNativeTarget;
			buildConfigurationList = 4611D4042E3C79CE00E731EB /* Build configuration list for PBXNativeTarget "UserMusicLibraryManager" */;
			buildPhases = (
				4611D3DE2E3C79CC00E731EB /* Sources */,
				4611D3DF2E3C79CC00E731EB /* Frameworks */,
				4611D3E02E3C79CC00E731EB /* Resources */,
			);
			buildRules = (
			);
			dependencies = (
			);
			fileSystemSynchronizedGroups = (
				4611D3E42E3C79CC00E731EB /* UserMusicLibraryManager */,
				465470EB2E4000D60084C2DC /* TagLib */,
			);
			name = UserMusicLibraryManager;
			packageProductDependencies = (
			);
			productName = UserMusicLibraryManager;
			productReference = 4611D3E22E3C79CC00E731EB /* UserMusicLibraryManager.app */;
			productType = "com.apple.product-type.application";
		};
		4611D3EF2E3C79CE00E731EB /* UserMusicLibraryManagerTests */ = {
			isa = PBXNativeTarget;
			buildConfigurationList = 4611D4072E3C79CE00E731EB /* Build configuration list for PBXNativeTarget "UserMusicLibraryManagerTests" */;
			buildPhases = (
				4611D3EC2E3C79CE00E731EB /* Sources */,
				4611D3ED2E3C79CE00E731EB /* Frameworks */,
				4611D3EE2E3C79CE00E731EB /* Resources */,
			);
			buildRules = (
			);
			dependencies = (
				4611D3F22E3C79CE00E731EB /* PBXTargetDependency */,
			);
			fileSystemSynchronizedGroups = (
				4611D3F32E3C79CE00E731EB /* UserMusicLibraryManagerTests */,
			);
			name = UserMusicLibraryManagerTests;
			packageProductDependencies = (
			);
			productName = UserMusicLibraryManagerTests;
			productReference = 4611D3F02E3C79CE00E731EB /* UserMusicLibraryManagerTests.xctest */;
			productType = "com.apple.product-type.bundle.unit-test";
		};
		4611D3F92E3C79CE00E731EB /* UserMusicLibraryManagerUITests */ = {
			isa = PBXNativeTarget;
			buildConfigurationList = 4611D40A2E3C79CE00E731EB /* Build configuration list for PBXNativeTarget "UserMusicLibraryManagerUITests" */;
			buildPhases = (
				4611D3F62E3C79CE00E731EB /* Sources */,
				4611D3F72E3C79CE00E731EB /* Frameworks */,
				4611D3F82E3C79CE00E731EB /* Resources */,
			);
			buildRules = (
			);
			dependencies = (
				4611D3FC2E3C79CE00E731EB /* PBXTargetDependency */,
			);
			fileSystemSynchronizedGroups = (
				4611D3FD2E3C79CE00E731EB /* UserMusicLibraryManagerUITests */,
			);
			name = UserMusicLibraryManagerUITests;
			packageProductDependencies = (
			);
			productName = UserMusicLibraryManagerUITests;
			productReference = 4611D3FA2E3C79CE00E731EB /* UserMusicLibraryManagerUITests.xctest */;
			productType = "com.apple.product-type.bundle.ui-testing";
		};
/* End PBXNativeTarget section */

/* Begin PBXProject section */
		4611D3DA2E3C79CC00E731EB /* Project object */ = {
			isa = PBXProject;
			attributes = {
				BuildIndependentTargetsInParallel = 1;
				LastSwiftUpdateCheck = 1640;
				LastUpgradeCheck = 1640;
				TargetAttributes = {
					4611D3E12E3C79CC00E731EB = {
						CreatedOnToolsVersion = 16.4;
					};
					4611D3EF2E3C79CE00E731EB = {
						CreatedOnToolsVersion = 16.4;
						TestTargetID = 4611D3E12E3C79CC00E731EB;
					};
					4611D3F92E3C79CE00E731EB = {
						CreatedOnToolsVersion = 16.4;
						TestTargetID = 4611D3E12E3C79CC00E731EB;
					};
				};
			};
			buildConfigurationList = 4611D3DD2E3C79CC00E731EB /* Build configuration list for PBXProject "UserMusicLibraryManager" */;
			developmentRegion = en;
			hasScannedForEncodings = 0;
			knownRegions = (
				en,
				Base,
			);
			mainGroup = 4611D3D92E3C79CC00E731EB;
			minimizedProjectReferenceProxies = 1;
			preferredProjectObjectVersion = 77;
			productRefGroup = 4611D3E32E3C79CC00E731EB /* Products */;
			projectDirPath = "";
			projectRoot = "";
			targets = (
				4611D3E12E3C79CC00E731EB /* UserMusicLibraryManager */,
				4611D3EF2E3C79CE00E731EB /* UserMusicLibraryManagerTests */,
				4611D3F92E3C79CE00E731EB /* UserMusicLibraryManagerUITests */,
			);
		};
/* End PBXProject section */

/* Begin PBXResourcesBuildPhase section */
		4611D3E02E3C79CC00E731EB /* Resources */ = {
			isa = PBXResourcesBuildPhase;
			buildActionMask = 2147483647;
			files = (
			);
			runOnlyForDeploymentPostprocessing = 0;
		};
		4611D3EE2E3C79CE00E731EB /* Resources */ = {
			isa = PBXResourcesBuildPhase;
			buildActionMask = 2147483647;
			files = (
			);
			runOnlyForDeploymentPostprocessing = 0;
		};
		4611D3F82E3C79CE00E731EB /* Resources */ = {
			isa = PBXResourcesBuildPhase;
			buildActionMask = 2147483647;
			files = (
			);
			runOnlyForDeploymentPostprocessing = 0;
		};
/* End PBXResourcesBuildPhase section */

/* Begin PBXSourcesBuildPhase section */
		4611D3DE2E3C79CC00E731EB /* Sources */ = {
			isa = PBXSourcesBuildPhase;
			buildActionMask = 2147483647;
			files = (
				460E8EBC2E3FDBE300265BB2 /* ContentView.swift in Sources */,
				460E8EBD2E3FDBE300265BB2 /* NSImage+Resizing.swift in Sources */,
				460E8EBE2E3FDBE300265BB2 /* AlbumEditorView.swift in Sources */,
				460E8EBF2E3FDBE300265BB2 /* Song.swift in Sources */,
				460E8EC02E3FDBE300265BB2 /* AudioMetadataReader.swift in Sources */,
				460E8EC12E3FDBE300265BB2 /* UserMusicLibraryManagerApp.swift in Sources */,
				460E8EC22E3FDBE300265BB2 /* UserMetadataStore.swift in Sources */,
				46546CA32E3FFA990084C2DC /* FlacTagsWrapper.mm in Sources */,
				460E8EC32E3FDBE300265BB2 /* FolderAccessManager.swift in Sources */,
				460E8EC42E3FDBE300265BB2 /* ArtworkCacheManager.swift in Sources */,
				460E8EC52E3FDBE300265BB2 /* ArtworkValidator.swift in Sources */,
				460E8EC62E3FDBE300265BB2 /* AVMetadataItem+Helpers.swift in Sources */,
				460E8EC72E3FDBE300265BB2 /* SongDetailView.swift in Sources */,
				460E8EC82E3FDBE300265BB2 /* MusicLibraryScanner.swift in Sources */,
				460E8EC92E3FDBE300265BB2 /* FlacMetadataReader.swift in Sources */,
				460E8ECA2E3FDBE300265BB2 /* UserMetadataOverride.swift in Sources */,
				460E8ECB2E3FDBE300265BB2 /* FolderPickerView.swift in Sources */,
			);
			runOnlyForDeploymentPostprocessing = 0;
		};
		4611D3EC2E3C79CE00E731EB /* Sources */ = {
			isa = PBXSourcesBuildPhase;
			buildActionMask = 2147483647;
			files = (
			);
			runOnlyForDeploymentPostprocessing = 0;
		};
		4611D3F62E3C79CE00E731EB /* Sources */ = {
			isa = PBXSourcesBuildPhase;
			buildActionMask = 2147483647;
			files = (
			);
			runOnlyForDeploymentPostprocessing = 0;
		};
/* End PBXSourcesBuildPhase section */

/* Begin PBXTargetDependency section */
		4611D3F22E3C79CE00E731EB /* PBXTargetDependency */ = {
			isa = PBXTargetDependency;
			target = 4611D3E12E3C79CC00E731EB /* UserMusicLibraryManager */;
			targetProxy = 4611D3F12E3C79CE00E731EB /* PBXContainerItemProxy */;
		};
		4611D3FC2E3C79CE00E731EB /* PBXTargetDependency */ = {
			isa = PBXTargetDependency;
			target = 4611D3E12E3C79CC00E731EB /* UserMusicLibraryManager */;
			targetProxy = 4611D3FB2E3C79CE00E731EB /* PBXContainerItemProxy */;
		};
/* End PBXTargetDependency section */

/* Begin XCBuildConfiguration section */
		4611D4022E3C79CE00E731EB /* Debug */ = {
			isa = XCBuildConfiguration;
			buildSettings = {
				ALWAYS_SEARCH_USER_PATHS = NO;
				ASSETCATALOG_COMPILER_GENERATE_SWIFT_ASSET_SYMBOL_EXTENSIONS = YES;
				CLANG_ANALYZER_NONNULL = YES;
				CLANG_ANALYZER_NUMBER_OBJECT_CONVERSION = YES_AGGRESSIVE;
				CLANG_CXX_LANGUAGE_STANDARD = "gnu++20";
				CLANG_ENABLE_MODULES = YES;
				CLANG_ENABLE_OBJC_ARC = YES;
				CLANG_ENABLE_OBJC_WEAK = YES;
				CLANG_WARN_BLOCK_CAPTURE_AUTORELEASING = YES;
				CLANG_WARN_BOOL_CONVERSION = YES;
				CLANG_WARN_COMMA = YES;
				CLANG_WARN_CONSTANT_CONVERSION = YES;
				CLANG_WARN_DEPRECATED_OBJC_IMPLEMENTATIONS = YES;
				CLANG_WARN_DIRECT_OBJC_ISA_USAGE = YES_ERROR;
				CLANG_WARN_DOCUMENTATION_COMMENTS = YES;
				CLANG_WARN_EMPTY_BODY = YES;
				CLANG_WARN_ENUM_CONVERSION = YES;
				CLANG_WARN_INFINITE_RECURSION = YES;
				CLANG_WARN_INT_CONVERSION = YES;
				CLANG_WARN_NON_LITERAL_NULL_CONVERSION = YES;
				CLANG_WARN_OBJC_IMPLICIT_RETAIN_SELF = YES;
				CLANG_WARN_OBJC_LITERAL_CONVERSION = YES;
				CLANG_WARN_OBJC_ROOT_CLASS = YES_ERROR;
				CLANG_WARN_QUOTED_INCLUDE_IN_FRAMEWORK_HEADER = YES;
				CLANG_WARN_RANGE_LOOP_ANALYSIS = YES;
				CLANG_WARN_STRICT_PROTOTYPES = YES;
				CLANG_WARN_SUSPICIOUS_MOVE = YES;
				CLANG_WARN_UNGUARDED_AVAILABILITY = YES_AGGRESSIVE;
				CLANG_WARN_UNREACHABLE_CODE = YES;
				CLANG_WARN__DUPLICATE_METHOD_MATCH = YES;
				COPY_PHASE_STRIP = NO;
				DEBUG_INFORMATION_FORMAT = dwarf;
				ENABLE_STRICT_OBJC_MSGSEND = YES;
				ENABLE_TESTABILITY = YES;
				ENABLE_USER_SCRIPT_SANDBOXING = YES;
				GCC_C_LANGUAGE_STANDARD = gnu17;
				GCC_DYNAMIC_NO_PIC = NO;
				GCC_NO_COMMON_BLOCKS = YES;
				GCC_OPTIMIZATION_LEVEL = 0;
				GCC_PREPROCESSOR_DEFINITIONS = (
					"DEBUG=1",
					"$(inherited)",
				);
				GCC_WARN_64_TO_32_BIT_CONVERSION = YES;
				GCC_WARN_ABOUT_RETURN_TYPE = YES_ERROR;
				GCC_WARN_UNDECLARED_SELECTOR = YES;
				GCC_WARN_UNINITIALIZED_AUTOS = YES_AGGRESSIVE;
				GCC_WARN_UNUSED_FUNCTION = YES;
				GCC_WARN_UNUSED_VARIABLE = YES;
				HEADER_SEARCH_PATHS = "$(SRCROOT)/TagLib/include/**";
				LOCALIZATION_PREFERS_STRING_CATALOGS = YES;
				MACOSX_DEPLOYMENT_TARGET = 15.5;
				MTL_ENABLE_DEBUG_INFO = INCLUDE_SOURCE;
				MTL_FAST_MATH = YES;
				ONLY_ACTIVE_ARCH = YES;
				OTHER_LDFLAGS = "-lstdc++";
				SDKROOT = macosx;
				SWIFT_ACTIVE_COMPILATION_CONDITIONS = "DEBUG $(inherited)";
				SWIFT_OBJC_BRIDGING_HEADER = "UserMusicLibraryManager/UserMusicLibraryManager-Bridging-Header.h";
				SWIFT_OPTIMIZATION_LEVEL = "-Onone";
			};
			name = Debug;
		};
		4611D4032E3C79CE00E731EB /* Release */ = {
			isa = XCBuildConfiguration;
			buildSettings = {
				ALWAYS_SEARCH_USER_PATHS = NO;
				ASSETCATALOG_COMPILER_GENERATE_SWIFT_ASSET_SYMBOL_EXTENSIONS = YES;
				CLANG_ANALYZER_NONNULL = YES;
				CLANG_ANALYZER_NUMBER_OBJECT_CONVERSION = YES_AGGRESSIVE;
				CLANG_CXX_LANGUAGE_STANDARD = "gnu++20";
				CLANG_ENABLE_MODULES = YES;
				CLANG_ENABLE_OBJC_ARC = YES;
				CLANG_ENABLE_OBJC_WEAK = YES;
				CLANG_WARN_BLOCK_CAPTURE_AUTORELEASING = YES;
				CLANG_WARN_BOOL_CONVERSION = YES;
				CLANG_WARN_COMMA = YES;
				CLANG_WARN_CONSTANT_CONVERSION = YES;
				CLANG_WARN_DEPRECATED_OBJC_IMPLEMENTATIONS = YES;
				CLANG_WARN_DIRECT_OBJC_ISA_USAGE = YES_ERROR;
				CLANG_WARN_DOCUMENTATION_COMMENTS = YES;
				CLANG_WARN_EMPTY_BODY = YES;
				CLANG_WARN_ENUM_CONVERSION = YES;
				CLANG_WARN_INFINITE_RECURSION = YES;
				CLANG_WARN_INT_CONVERSION = YES;
				CLANG_WARN_NON_LITERAL_NULL_CONVERSION = YES;
				CLANG_WARN_OBJC_IMPLICIT_RETAIN_SELF = YES;
				CLANG_WARN_OBJC_LITERAL_CONVERSION = YES;
				CLANG_WARN_OBJC_ROOT_CLASS = YES_ERROR;
				CLANG_WARN_QUOTED_INCLUDE_IN_FRAMEWORK_HEADER = YES;
				CLANG_WARN_RANGE_LOOP_ANALYSIS = YES;
				CLANG_WARN_STRICT_PROTOTYPES = YES;
				CLANG_WARN_SUSPICIOUS_MOVE = YES;
				CLANG_WARN_UNGUARDED_AVAILABILITY = YES_AGGRESSIVE;
				CLANG_WARN_UNREACHABLE_CODE = YES;
				CLANG_WARN__DUPLICATE_METHOD_MATCH = YES;
				COPY_PHASE_STRIP = NO;
				DEBUG_INFORMATION_FORMAT = "dwarf-with-dsym";
				ENABLE_NS_ASSERTIONS = NO;
				ENABLE_STRICT_OBJC_MSGSEND = YES;
				ENABLE_USER_SCRIPT_SANDBOXING = YES;
				GCC_C_LANGUAGE_STANDARD = gnu17;
				GCC_NO_COMMON_BLOCKS = YES;
				GCC_WARN_64_TO_32_BIT_CONVERSION = YES;
				GCC_WARN_ABOUT_RETURN_TYPE = YES_ERROR;
				GCC_WARN_UNDECLARED_SELECTOR = YES;
				GCC_WARN_UNINITIALIZED_AUTOS = YES_AGGRESSIVE;
				GCC_WARN_UNUSED_FUNCTION = YES;
				GCC_WARN_UNUSED_VARIABLE = YES;
				HEADER_SEARCH_PATHS = "$(SRCROOT)/TagLib/include/**";
				LOCALIZATION_PREFERS_STRING_CATALOGS = YES;
				MACOSX_DEPLOYMENT_TARGET = 15.5;
				MTL_ENABLE_DEBUG_INFO = NO;
				MTL_FAST_MATH = YES;
				OTHER_LDFLAGS = "-lstdc++";
				SDKROOT = macosx;
				SWIFT_COMPILATION_MODE = wholemodule;
				SWIFT_OBJC_BRIDGING_HEADER = "UserMusicLibraryManager/UserMusicLibraryManager-Bridging-Header.h";
			};
			name = Release;
		};
		4611D4052E3C79CE00E731EB /* Debug */ = {
			isa = XCBuildConfiguration;
			buildSettings = {
				ARCHS = arm64;
				ASSETCATALOG_COMPILER_APPICON_NAME = AppIcon;
				ASSETCATALOG_COMPILER_GLOBAL_ACCENT_COLOR_NAME = AccentColor;
				CODE_SIGN_ENTITLEMENTS = UserMusicLibraryManager/UserMusicLibraryManager.entitlements;
				CODE_SIGN_STYLE = Automatic;
				COMBINE_HIDPI_IMAGES = YES;
				CURRENT_PROJECT_VERSION = 1;
				ENABLE_PREVIEWS = YES;
				GENERATE_INFOPLIST_FILE = YES;
				HEADER_SEARCH_PATHS = "$(PROJECT_DIR)/TagLib/include";
				INFOPLIST_KEY_NSHumanReadableCopyright = "";
				LD_RUNPATH_SEARCH_PATHS = (
					"$(inherited)",
					"@executable_path/../Frameworks",
				);
				LIBRARY_SEARCH_PATHS = "$(PROJECT_DIR)/TagLib/lib";
				MARKETING_VERSION = 1.0;
				OTHER_LDFLAGS = (
					"-ltag_c",
					"-ltag",
				);
				PRODUCT_BUNDLE_IDENTIFIER = krum.UserMusicLibraryManager;
				PRODUCT_NAME = "$(TARGET_NAME)";
				REGISTER_APP_GROUPS = YES;
				SWIFT_EMIT_LOC_STRINGS = YES;
				SWIFT_INCLUDE_PATHS = "$(PROJECT_DIR)/TagLib/include/**";
				SWIFT_OBJC_BRIDGING_HEADER = "$(SRCROOT)/UserMusicLibrary-Bridging-Header.h";
				SWIFT_VERSION = 5.0;
			};
			name = Debug;
		};
		4611D4062E3C79CE00E731EB /* Release */ = {
			isa = XCBuildConfiguration;
			buildSettings = {
				ARCHS = arm64;
				ASSETCATALOG_COMPILER_APPICON_NAME = AppIcon;
				ASSETCATALOG_COMPILER_GLOBAL_ACCENT_COLOR_NAME = AccentColor;
				CODE_SIGN_ENTITLEMENTS = UserMusicLibraryManager/UserMusicLibraryManager.entitlements;
				CODE_SIGN_STYLE = Automatic;
				COMBINE_HIDPI_IMAGES = YES;
				CURRENT_PROJECT_VERSION = 1;
				ENABLE_PREVIEWS = YES;
				GENERATE_INFOPLIST_FILE = YES;
				HEADER_SEARCH_PATHS = "$(PROJECT_DIR)/TagLib/include";
				INFOPLIST_KEY_NSHumanReadableCopyright = "";
				LD_RUNPATH_SEARCH_PATHS = (
					"$(inherited)",
					"@executable_path/../Frameworks",
				);
				LIBRARY_SEARCH_PATHS = "$(PROJECT_DIR)/TagLib/lib";
				MARKETING_VERSION = 1.0;
				OTHER_LDFLAGS = (
					"-ltag_c",
					"-ltag",
				);
				PRODUCT_BUNDLE_IDENTIFIER = krum.UserMusicLibraryManager;
				PRODUCT_NAME = "$(TARGET_NAME)";
				REGISTER_APP_GROUPS = YES;
				SWIFT_EMIT_LOC_STRINGS = YES;
				SWIFT_INCLUDE_PATHS = "$(PROJECT_DIR)/TagLib/include/**";
				SWIFT_OBJC_BRIDGING_HEADER = "$(SRCROOT)/UserMusicLibrary-Bridging-Header.h";
				SWIFT_VERSION = 5.0;
			};
			name = Release;
		};
		4611D4082E3C79CE00E731EB /* Debug */ = {
			isa = XCBuildConfiguration;
			buildSettings = {
				BUNDLE_LOADER = "$(TEST_HOST)";
				CODE_SIGN_STYLE = Automatic;
				CURRENT_PROJECT_VERSION = 1;
				GENERATE_INFOPLIST_FILE = YES;
				MACOSX_DEPLOYMENT_TARGET = 15.5;
				MARKETING_VERSION = 1.0;
				PRODUCT_BUNDLE_IDENTIFIER = krum.UserMusicLibraryManagerTests;
				PRODUCT_NAME = "$(TARGET_NAME)";
				SWIFT_EMIT_LOC_STRINGS = NO;
				SWIFT_VERSION = 5.0;
				TEST_HOST = "$(BUILT_PRODUCTS_DIR)/UserMusicLibraryManager.app/$(BUNDLE_EXECUTABLE_FOLDER_PATH)/UserMusicLibraryManager";
			};
			name = Debug;
		};
		4611D4092E3C79CE00E731EB /* Release */ = {
			isa = XCBuildConfiguration;
			buildSettings = {
				BUNDLE_LOADER = "$(TEST_HOST)";
				CODE_SIGN_STYLE = Automatic;
				CURRENT_PROJECT_VERSION = 1;
				GENERATE_INFOPLIST_FILE = YES;
				MACOSX_DEPLOYMENT_TARGET = 15.5;
				MARKETING_VERSION = 1.0;
				PRODUCT_BUNDLE_IDENTIFIER = krum.UserMusicLibraryManagerTests;
				PRODUCT_NAME = "$(TARGET_NAME)";
				SWIFT_EMIT_LOC_STRINGS = NO;
				SWIFT_VERSION = 5.0;
				TEST_HOST = "$(BUILT_PRODUCTS_DIR)/UserMusicLibraryManager.app/$(BUNDLE_EXECUTABLE_FOLDER_PATH)/UserMusicLibraryManager";
			};
			name = Release;
		};
		4611D40B2E3C79CE00E731EB /* Debug */ = {
			isa = XCBuildConfiguration;
			buildSettings = {
				CODE_SIGN_STYLE = Automatic;
				CURRENT_PROJECT_VERSION = 1;
				GENERATE_INFOPLIST_FILE = YES;
				MARKETING_VERSION = 1.0;
				PRODUCT_BUNDLE_IDENTIFIER = krum.UserMusicLibraryManagerUITests;
				PRODUCT_NAME = "$(TARGET_NAME)";
				SWIFT_EMIT_LOC_STRINGS = NO;
				SWIFT_VERSION = 5.0;
				TEST_TARGET_NAME = UserMusicLibraryManager;
			};
			name = Debug;
		};
		4611D40C2E3C79CE00E731EB /* Release */ = {
			isa = XCBuildConfiguration;
			buildSettings = {
				CODE_SIGN_STYLE = Automatic;
				CURRENT_PROJECT_VERSION = 1;
				GENERATE_INFOPLIST_FILE = YES;
				MARKETING_VERSION = 1.0;
				PRODUCT_BUNDLE_IDENTIFIER = krum.UserMusicLibraryManagerUITests;
				PRODUCT_NAME = "$(TARGET_NAME)";
				SWIFT_EMIT_LOC_STRINGS = NO;
				SWIFT_VERSION = 5.0;
				TEST_TARGET_NAME = UserMusicLibraryManager;
			};
			name = Release;
		};
/* End XCBuildConfiguration section */

/* Begin XCConfigurationList section */
		4611D3DD2E3C79CC00E731EB /* Build configuration list for PBXProject "UserMusicLibraryManager" */ = {
			isa = XCConfigurationList;
			buildConfigurations = (
				4611D4022E3C79CE00E731EB /* Debug */,
				4611D4032E3C79CE00E731EB /* Release */,
			);
			defaultConfigurationIsVisible = 0;
			defaultConfigurationName = Release;
		};
		4611D4042E3C79CE00E731EB /* Build configuration list for PBXNativeTarget "UserMusicLibraryManager" */ = {
			isa = XCConfigurationList;
			buildConfigurations = (
				4611D4052E3C79CE00E731EB /* Debug */,
				4611D4062E3C79CE00E731EB /* Release */,
			);
			defaultConfigurationIsVisible = 0;
			defaultConfigurationName = Release;
		};
		4611D4072E3C79CE00E731EB /* Build configuration list for PBXNativeTarget "UserMusicLibraryManagerTests" */ = {
			isa = XCConfigurationList;
			buildConfigurations = (
				4611D4082E3C79CE00E731EB /* Debug */,
				4611D4092E3C79CE00E731EB /* Release */,
			);
			defaultConfigurationIsVisible = 0;
			defaultConfigurationName = Release;
		};
		4611D40A2E3C79CE00E731EB /* Build configuration list for PBXNativeTarget "UserMusicLibraryManagerUITests" */ = {
			isa = XCConfigurationList;
			buildConfigurations = (
				4611D40B2E3C79CE00E731EB /* Debug */,
				4611D40C2E3C79CE00E731EB /* Release */,
			);
			defaultConfigurationIsVisible = 0;
			defaultConfigurationName = Release;
		};
/* End XCConfigurationList section */
	};
	rootObject = 4611D3DA2E3C79CC00E731EB /* Project object */;
}
